
Microsoft Visual Studio Solution File, Format Version 12.00
# Visual Studio Version 17
VisualStudioVersion = 17.14.36127.28 d17.14
MinimumVisualStudioVersion = 10.0.40219.1
Project("{FAE04EC0-301F-11D3-BF4B-00C04F79EFBC}") = "ESS.WebAPI", "ESS.WebAPI\ESS.WebAPI.csproj", "{D89C5B16-E432-45E1-86E7-4D2EEDD7B4C7}"
EndProject
Project("{FAE04EC0-301F-11D3-BF4B-00C04F79EFBC}") = "ESS.Application", "ESS.Application\ESS.Application.csproj", "{ADF07712-354B-4D4B-82FB-98401C73095D}"
EndProject
Project("{FAE04EC0-301F-11D3-BF4B-00C04F79EFBC}") = "ESS.Domain", "ESS.Domain\ESS.Domain.csproj", "{5209B13A-DB91-4458-9BB6-23A58F55668E}"
EndProject
Project("{FAE04EC0-301F-11D3-BF4B-00C04F79EFBC}") = "ESS.Infrastructure", "ESS.Infrastructure\ESS.Infrastructure.csproj", "{80C1BEF7-E8B4-4C34-BA66-F02CE909ADA8}"
EndProject
Global
	GlobalSection(SolutionConfigurationPlatforms) = preSolution
		Debug|Any CPU = Debug|Any CPU
		Release|Any CPU = Release|Any CPU
	EndGlobalSection
	GlobalSection(ProjectConfigurationPlatforms) = postSolution
		{D89C5B16-E432-45E1-86E7-4D2EEDD7B4C7}.Debug|Any CPU.ActiveCfg = Debug|Any CPU
		{D89C5B16-E432-45E1-86E7-4D2EEDD7B4C7}.Debug|Any CPU.Build.0 = Debug|Any CPU
		{D89C5B16-E432-45E1-86E7-4D2EEDD7B4C7}.Release|Any CPU.ActiveCfg = Release|Any CPU
		{D89C5B16-E432-45E1-86E7-4D2EEDD7B4C7}.Release|Any CPU.Build.0 = Release|Any CPU
		{ADF07712-354B-4D4B-82FB-98401C73095D}.Debug|Any CPU.ActiveCfg = Debug|Any CPU
		{ADF07712-354B-4D4B-82FB-98401C73095D}.Debug|Any CPU.Build.0 = Debug|Any CPU
		{ADF07712-354B-4D4B-82FB-98401C73095D}.Release|Any CPU.ActiveCfg = Release|Any CPU
		{ADF07712-354B-4D4B-82FB-98401C73095D}.Release|Any CPU.Build.0 = Release|Any CPU
		{5209B13A-DB91-4458-9BB6-23A58F55668E}.Debug|Any CPU.ActiveCfg = Debug|Any CPU
		{5209B13A-DB91-4458-9BB6-23A58F55668E}.Debug|Any CPU.Build.0 = Debug|Any CPU
		{5209B13A-DB91-4458-9BB6-23A58F55668E}.Release|Any CPU.ActiveCfg = Release|Any CPU
		{5209B13A-DB91-4458-9BB6-23A58F55668E}.Release|Any CPU.Build.0 = Release|Any CPU
		{80C1BEF7-E8B4-4C34-BA66-F02CE909ADA8}.Debug|Any CPU.ActiveCfg = Debug|Any CPU
		{80C1BEF7-E8B4-4C34-BA66-F02CE909ADA8}.Debug|Any CPU.Build.0 = Debug|Any CPU
		{80C1BEF7-E8B4-4C34-BA66-F02CE909ADA8}.Release|Any CPU.ActiveCfg = Release|Any CPU
		{80C1BEF7-E8B4-4C34-BA66-F02CE909ADA8}.Release|Any CPU.Build.0 = Release|Any CPU
	EndGlobalSection
	GlobalSection(SolutionProperties) = preSolution
		HideSolutionNode = FALSE
	EndGlobalSection
	GlobalSection(ExtensibilityGlobals) = postSolution
		SolutionGuid = {285F5C59-2EC4-4A3A-B24E-5F3F5F7A5268}
	EndGlobalSection
EndGlobal
